
Microsoft Visual Studio Solution File, Format Version 12.00
# Visual Studio 14
VisualStudioVersion = 14.0.25420.1
MinimumVisualStudioVersion = 10.0.40219.1
Project("{FAE04EC0-301F-11D3-BF4B-00C04F79EFBC}") = "01", "01\01.csproj", "{AFCDC194-86C6-411C-9B09-55D83C0E7629}"
EndProject
Project("{FAE04EC0-301F-11D3-BF4B-00C04F79EFBC}") = "02", "02\02.csproj", "{12CB5DE0-90CE-42FD-BA36-3A02E880B1C1}"
EndProject
Project("{FAE04EC0-301F-11D3-BF4B-00C04F79EFBC}") = "03", "03\03.csproj", "{2EBDA40E-0519-441C-B321-A8D8B7D23DA5}"
EndProject
Project("{FAE04EC0-301F-11D3-BF4B-00C04F79EFBC}") = "04", "04\04.csproj", "{726AACAE-F425-4BD3-9F35-78E2D2CE3E18}"
EndProject
Project("{FAE04EC0-301F-11D3-BF4B-00C04F79EFBC}") = "05", "05\05.csproj", "{8954B77D-07C8-46BE-8582-EEBF6FB92799}"
EndProject
Project("{FAE04EC0-301F-11D3-BF4B-00C04F79EFBC}") = "06", "06\06.csproj", "{E9E60F2D-20A4-4ED0-AC01-6704EDA23291}"
EndProject
Project("{FAE04EC0-301F-11D3-BF4B-00C04F79EFBC}") = "07", "07\07.csproj", "{320428F9-A52A-4727-9A70-E16AB361E346}"
EndProject
Project("{FAE04EC0-301F-11D3-BF4B-00C04F79EFBC}") = "08", "08\08.csproj", "{317E503E-BF21-4ED8-A61C-3D2F211B6517}"
EndProject
Project("{FAE04EC0-301F-11D3-BF4B-00C04F79EFBC}") = "09", "09\09.csproj", "{F738AD30-4113-40A2-BC34-DA431DBF2242}"
EndProject
Project("{FAE04EC0-301F-11D3-BF4B-00C04F79EFBC}") = "10", "10\10.csproj", "{BD62EAED-77CD-4DE5-9FBA-05EACC507980}"
EndProject
Project("{FAE04EC0-301F-11D3-BF4B-00C04F79EFBC}") = "11", "11\11.csproj", "{4E213CC0-A5B6-4035-B031-43AAF6CC58C2}"
EndProject
Project("{FAE04EC0-301F-11D3-BF4B-00C04F79EFBC}") = "12", "12\12.csproj", "{3ABFC06C-E1C7-4AA7-84C6-7A34B9DDE739}"
EndProject
Project("{FAE04EC0-301F-11D3-BF4B-00C04F79EFBC}") = "13", "13\13.csproj", "{F850A741-69FA-4C4E-B64D-0E3A6D41E3C5}"
EndProject
Project("{FAE04EC0-301F-11D3-BF4B-00C04F79EFBC}") = "14", "14\14.csproj", "{7E8384F5-27A3-4574-84DE-6AFEBD613F96}"
EndProject
Project("{FAE04EC0-301F-11D3-BF4B-00C04F79EFBC}") = "15", "15\15.csproj", "{4574C7ED-22F0-4BE4-86CE-F80E48886D81}"
EndProject
Project("{FAE04EC0-301F-11D3-BF4B-00C04F79EFBC}") = "16", "16\16.csproj", "{196B7672-43C2-420D-ADDB-76DF60415608}"
EndProject
Project("{FAE04EC0-301F-11D3-BF4B-00C04F79EFBC}") = "17", "17\17.csproj", "{D386903D-5377-4AF9-B62F-0333DBB912B6}"
EndProject
Project("{FAE04EC0-301F-11D3-BF4B-00C04F79EFBC}") = "18", "18\18.csproj", "{97187F6C-82D9-4A20-B018-F47566576834}"
EndProject
Project("{FAE04EC0-301F-11D3-BF4B-00C04F79EFBC}") = "19", "19\19.csproj", "{7E44C419-B8D2-4360-B165-0DDCB59FC10C}"
EndProject
Project("{FAE04EC0-301F-11D3-BF4B-00C04F79EFBC}") = "20", "20\20.csproj", "{416CC243-DE4B-4ECB-957E-B62F816C50CF}"
EndProject
Project("{FAE04EC0-301F-11D3-BF4B-00C04F79EFBC}") = "21", "21\21.csproj", "{164DD54B-04DC-4C01-9D36-E033EBF2768D}"
EndProject
Project("{FAE04EC0-301F-11D3-BF4B-00C04F79EFBC}") = "22", "22\22.csproj", "{A7641AB8-516F-47CD-A6C9-7A7977AE6F83}"
EndProject
Project("{FAE04EC0-301F-11D3-BF4B-00C04F79EFBC}") = "23", "23\23.csproj", "{80DFFF4C-D1E8-4519-89E0-B07A1CABF4D8}"
EndProject
Project("{FAE04EC0-301F-11D3-BF4B-00C04F79EFBC}") = "24", "24\24.csproj", "{35E28377-0C2E-4BAD-8664-6F01B085A31E}"
EndProject
Project("{FAE04EC0-301F-11D3-BF4B-00C04F79EFBC}") = "25", "25\25.csproj", "{D4032B9F-1F95-4876-A91C-5CAB74D1459F}"
EndProject
Project("{FAE04EC0-301F-11D3-BF4B-00C04F79EFBC}") = "26", "26\26.csproj", "{6973F402-F075-4847-9D5B-978D2DB4CEEC}"
EndProject
Project("{FAE04EC0-301F-11D3-BF4B-00C04F79EFBC}") = "27", "27\27.csproj", "{57003FA6-E6A5-40B2-B67C-CE85EF96870A}"
EndProject
Project("{FAE04EC0-301F-11D3-BF4B-00C04F79EFBC}") = "28", "28\28.csproj", "{9C3BE2B7-954C-417A-839E-CE2FCAAC2124}"
EndProject
Project("{FAE04EC0-301F-11D3-BF4B-00C04F79EFBC}") = "29", "29\29.csproj", "{97C15073-06C6-4916-AA5C-0AC7F770A5A6}"
EndProject
Project("{FAE04EC0-301F-11D3-BF4B-00C04F79EFBC}") = "30", "30\30.csproj", "{FB057DEA-A85C-4DC6-AF14-7E371CCE6CFA}"
EndProject
Project("{FAE04EC0-301F-11D3-BF4B-00C04F79EFBC}") = "31", "31\31.csproj", "{2C304B0A-074C-44D8-8EFD-35E6865F6DD2}"
EndProject
Project("{FAE04EC0-301F-11D3-BF4B-00C04F79EFBC}") = "32", "32\32.csproj", "{69E7A530-12B9-4FA6-B892-62574021ED1E}"
EndProject
Project("{FAE04EC0-301F-11D3-BF4B-00C04F79EFBC}") = "33", "33\33.csproj", "{449FB4AB-4FB1-4455-BA78-91A81E464523}"
EndProject
Project("{FAE04EC0-301F-11D3-BF4B-00C04F79EFBC}") = "35", "35\35.csproj", "{4F72529F-9CC2-46C8-AF48-C4E34718773A}"
EndProject
Project("{FAE04EC0-301F-11D3-BF4B-00C04F79EFBC}") = "36", "36\36.csproj", "{F367BC79-E1CD-4BA6-B97E-E74007AEE6DA}"
EndProject
Global
	GlobalSection(SolutionConfigurationPlatforms) = preSolution
		Debug|Any CPU = Debug|Any CPU
		Release|Any CPU = Release|Any CPU
	EndGlobalSection
	GlobalSection(ProjectConfigurationPlatforms) = postSolution
		{AFCDC194-86C6-411C-9B09-55D83C0E7629}.Debug|Any CPU.ActiveCfg = Debug|Any CPU
		{AFCDC194-86C6-411C-9B09-55D83C0E7629}.Debug|Any CPU.Build.0 = Debug|Any CPU
		{AFCDC194-86C6-411C-9B09-55D83C0E7629}.Release|Any CPU.ActiveCfg = Release|Any CPU
		{AFCDC194-86C6-411C-9B09-55D83C0E7629}.Release|Any CPU.Build.0 = Release|Any CPU
		{12CB5DE0-90CE-42FD-BA36-3A02E880B1C1}.Debug|Any CPU.ActiveCfg = Debug|Any CPU
		{12CB5DE0-90CE-42FD-BA36-3A02E880B1C1}.Debug|Any CPU.Build.0 = Debug|Any CPU
		{12CB5DE0-90CE-42FD-BA36-3A02E880B1C1}.Release|Any CPU.ActiveCfg = Release|Any CPU
		{12CB5DE0-90CE-42FD-BA36-3A02E880B1C1}.Release|Any CPU.Build.0 = Release|Any CPU
		{2EBDA40E-0519-441C-B321-A8D8B7D23DA5}.Debug|Any CPU.ActiveCfg = Debug|Any CPU
		{2EBDA40E-0519-441C-B321-A8D8B7D23DA5}.Debug|Any CPU.Build.0 = Debug|Any CPU
		{2EBDA40E-0519-441C-B321-A8D8B7D23DA5}.Release|Any CPU.ActiveCfg = Release|Any CPU
		{2EBDA40E-0519-441C-B321-A8D8B7D23DA5}.Release|Any CPU.Build.0 = Release|Any CPU
		{726AACAE-F425-4BD3-9F35-78E2D2CE3E18}.Debug|Any CPU.ActiveCfg = Debug|Any CPU
		{726AACAE-F425-4BD3-9F35-78E2D2CE3E18}.Debug|Any CPU.Build.0 = Debug|Any CPU
		{726AACAE-F425-4BD3-9F35-78E2D2CE3E18}.Release|Any CPU.ActiveCfg = Release|Any CPU
		{726AACAE-F425-4BD3-9F35-78E2D2CE3E18}.Release|Any CPU.Build.0 = Release|Any CPU
		{8954B77D-07C8-46BE-8582-EEBF6FB92799}.Debug|Any CPU.ActiveCfg = Debug|Any CPU
		{8954B77D-07C8-46BE-8582-EEBF6FB92799}.Debug|Any CPU.Build.0 = Debug|Any CPU
		{8954B77D-07C8-46BE-8582-EEBF6FB92799}.Release|Any CPU.ActiveCfg = Release|Any CPU
		{8954B77D-07C8-46BE-8582-EEBF6FB92799}.Release|Any CPU.Build.0 = Release|Any CPU
		{E9E60F2D-20A4-4ED0-AC01-6704EDA23291}.Debug|Any CPU.ActiveCfg = Debug|Any CPU
		{E9E60F2D-20A4-4ED0-AC01-6704EDA23291}.Debug|Any CPU.Build.0 = Debug|Any CPU
		{E9E60F2D-20A4-4ED0-AC01-6704EDA23291}.Release|Any CPU.ActiveCfg = Release|Any CPU
		{E9E60F2D-20A4-4ED0-AC01-6704EDA23291}.Release|Any CPU.Build.0 = Release|Any CPU
		{320428F9-A52A-4727-9A70-E16AB361E346}.Debug|Any CPU.ActiveCfg = Debug|Any CPU
		{320428F9-A52A-4727-9A70-E16AB361E346}.Debug|Any CPU.Build.0 = Debug|Any CPU
		{320428F9-A52A-4727-9A70-E16AB361E346}.Release|Any CPU.ActiveCfg = Release|Any CPU
		{320428F9-A52A-4727-9A70-E16AB361E346}.Release|Any CPU.Build.0 = Release|Any CPU
		{317E503E-BF21-4ED8-A61C-3D2F211B6517}.Debug|Any CPU.ActiveCfg = Debug|Any CPU
		{317E503E-BF21-4ED8-A61C-3D2F211B6517}.Debug|Any CPU.Build.0 = Debug|Any CPU
		{317E503E-BF21-4ED8-A61C-3D2F211B6517}.Release|Any CPU.ActiveCfg = Release|Any CPU
		{317E503E-BF21-4ED8-A61C-3D2F211B6517}.Release|Any CPU.Build.0 = Release|Any CPU
		{F738AD30-4113-40A2-BC34-DA431DBF2242}.Debug|Any CPU.ActiveCfg = Debug|Any CPU
		{F738AD30-4113-40A2-BC34-DA431DBF2242}.Debug|Any CPU.Build.0 = Debug|Any CPU
		{F738AD30-4113-40A2-BC34-DA431DBF2242}.Release|Any CPU.ActiveCfg = Release|Any CPU
		{F738AD30-4113-40A2-BC34-DA431DBF2242}.Release|Any CPU.Build.0 = Release|Any CPU
		{BD62EAED-77CD-4DE5-9FBA-05EACC507980}.Debug|Any CPU.ActiveCfg = Debug|Any CPU
		{BD62EAED-77CD-4DE5-9FBA-05EACC507980}.Debug|Any CPU.Build.0 = Debug|Any CPU
		{BD62EAED-77CD-4DE5-9FBA-05EACC507980}.Release|Any CPU.ActiveCfg = Release|Any CPU
		{BD62EAED-77CD-4DE5-9FBA-05EACC507980}.Release|Any CPU.Build.0 = Release|Any CPU
		{4E213CC0-A5B6-4035-B031-43AAF6CC58C2}.Debug|Any CPU.ActiveCfg = Debug|Any CPU
		{4E213CC0-A5B6-4035-B031-43AAF6CC58C2}.Debug|Any CPU.Build.0 = Debug|Any CPU
		{4E213CC0-A5B6-4035-B031-43AAF6CC58C2}.Release|Any CPU.ActiveCfg = Release|Any CPU
		{4E213CC0-A5B6-4035-B031-43AAF6CC58C2}.Release|Any CPU.Build.0 = Release|Any CPU
		{3ABFC06C-E1C7-4AA7-84C6-7A34B9DDE739}.Debug|Any CPU.ActiveCfg = Debug|Any CPU
		{3ABFC06C-E1C7-4AA7-84C6-7A34B9DDE739}.Debug|Any CPU.Build.0 = Debug|Any CPU
		{3ABFC06C-E1C7-4AA7-84C6-7A34B9DDE739}.Release|Any CPU.ActiveCfg = Release|Any CPU
		{3ABFC06C-E1C7-4AA7-84C6-7A34B9DDE739}.Release|Any CPU.Build.0 = Release|Any CPU
		{F850A741-69FA-4C4E-B64D-0E3A6D41E3C5}.Debug|Any CPU.ActiveCfg = Debug|Any CPU
		{F850A741-69FA-4C4E-B64D-0E3A6D41E3C5}.Debug|Any CPU.Build.0 = Debug|Any CPU
		{F850A741-69FA-4C4E-B64D-0E3A6D41E3C5}.Release|Any CPU.ActiveCfg = Release|Any CPU
		{F850A741-69FA-4C4E-B64D-0E3A6D41E3C5}.Release|Any CPU.Build.0 = Release|Any CPU
		{7E8384F5-27A3-4574-84DE-6AFEBD613F96}.Debug|Any CPU.ActiveCfg = Debug|Any CPU
		{7E8384F5-27A3-4574-84DE-6AFEBD613F96}.Debug|Any CPU.Build.0 = Debug|Any CPU
		{7E8384F5-27A3-4574-84DE-6AFEBD613F96}.Release|Any CPU.ActiveCfg = Release|Any CPU
		{7E8384F5-27A3-4574-84DE-6AFEBD613F96}.Release|Any CPU.Build.0 = Release|Any CPU
		{4574C7ED-22F0-4BE4-86CE-F80E48886D81}.Debug|Any CPU.ActiveCfg = Debug|Any CPU
		{4574C7ED-22F0-4BE4-86CE-F80E48886D81}.Debug|Any CPU.Build.0 = Debug|Any CPU
		{4574C7ED-22F0-4BE4-86CE-F80E48886D81}.Release|Any CPU.ActiveCfg = Release|Any CPU
		{4574C7ED-22F0-4BE4-86CE-F80E48886D81}.Release|Any CPU.Build.0 = Release|Any CPU
		{196B7672-43C2-420D-ADDB-76DF60415608}.Debug|Any CPU.ActiveCfg = Debug|Any CPU
		{196B7672-43C2-420D-ADDB-76DF60415608}.Debug|Any CPU.Build.0 = Debug|Any CPU
		{196B7672-43C2-420D-ADDB-76DF60415608}.Release|Any CPU.ActiveCfg = Release|Any CPU
		{196B7672-43C2-420D-ADDB-76DF60415608}.Release|Any CPU.Build.0 = Release|Any CPU
		{D386903D-5377-4AF9-B62F-0333DBB912B6}.Debug|Any CPU.ActiveCfg = Debug|Any CPU
		{D386903D-5377-4AF9-B62F-0333DBB912B6}.Debug|Any CPU.Build.0 = Debug|Any CPU
		{D386903D-5377-4AF9-B62F-0333DBB912B6}.Release|Any CPU.ActiveCfg = Release|Any CPU
		{D386903D-5377-4AF9-B62F-0333DBB912B6}.Release|Any CPU.Build.0 = Release|Any CPU
		{97187F6C-82D9-4A20-B018-F47566576834}.Debug|Any CPU.ActiveCfg = Debug|Any CPU
		{97187F6C-82D9-4A20-B018-F47566576834}.Debug|Any CPU.Build.0 = Debug|Any CPU
		{97187F6C-82D9-4A20-B018-F47566576834}.Release|Any CPU.ActiveCfg = Release|Any CPU
		{97187F6C-82D9-4A20-B018-F47566576834}.Release|Any CPU.Build.0 = Release|Any CPU
		{7E44C419-B8D2-4360-B165-0DDCB59FC10C}.Debug|Any CPU.ActiveCfg = Debug|Any CPU
		{7E44C419-B8D2-4360-B165-0DDCB59FC10C}.Debug|Any CPU.Build.0 = Debug|Any CPU
		{7E44C419-B8D2-4360-B165-0DDCB59FC10C}.Release|Any CPU.ActiveCfg = Release|Any CPU
		{7E44C419-B8D2-4360-B165-0DDCB59FC10C}.Release|Any CPU.Build.0 = Release|Any CPU
		{416CC243-DE4B-4ECB-957E-B62F816C50CF}.Debug|Any CPU.ActiveCfg = Debug|Any CPU
		{416CC243-DE4B-4ECB-957E-B62F816C50CF}.Debug|Any CPU.Build.0 = Debug|Any CPU
		{416CC243-DE4B-4ECB-957E-B62F816C50CF}.Release|Any CPU.ActiveCfg = Release|Any CPU
		{416CC243-DE4B-4ECB-957E-B62F816C50CF}.Release|Any CPU.Build.0 = Release|Any CPU
		{164DD54B-04DC-4C01-9D36-E033EBF2768D}.Debug|Any CPU.ActiveCfg = Debug|Any CPU
		{164DD54B-04DC-4C01-9D36-E033EBF2768D}.Debug|Any CPU.Build.0 = Debug|Any CPU
		{164DD54B-04DC-4C01-9D36-E033EBF2768D}.Release|Any CPU.ActiveCfg = Release|Any CPU
		{164DD54B-04DC-4C01-9D36-E033EBF2768D}.Release|Any CPU.Build.0 = Release|Any CPU
		{A7641AB8-516F-47CD-A6C9-7A7977AE6F83}.Debug|Any CPU.ActiveCfg = Debug|Any CPU
		{A7641AB8-516F-47CD-A6C9-7A7977AE6F83}.Debug|Any CPU.Build.0 = Debug|Any CPU
		{A7641AB8-516F-47CD-A6C9-7A7977AE6F83}.Release|Any CPU.ActiveCfg = Release|Any CPU
		{A7641AB8-516F-47CD-A6C9-7A7977AE6F83}.Release|Any CPU.Build.0 = Release|Any CPU
		{80DFFF4C-D1E8-4519-89E0-B07A1CABF4D8}.Debug|Any CPU.ActiveCfg = Debug|Any CPU
		{80DFFF4C-D1E8-4519-89E0-B07A1CABF4D8}.Debug|Any CPU.Build.0 = Debug|Any CPU
		{80DFFF4C-D1E8-4519-89E0-B07A1CABF4D8}.Release|Any CPU.ActiveCfg = Release|Any CPU
		{80DFFF4C-D1E8-4519-89E0-B07A1CABF4D8}.Release|Any CPU.Build.0 = Release|Any CPU
		{35E28377-0C2E-4BAD-8664-6F01B085A31E}.Debug|Any CPU.ActiveCfg = Debug|Any CPU
		{35E28377-0C2E-4BAD-8664-6F01B085A31E}.Debug|Any CPU.Build.0 = Debug|Any CPU
		{35E28377-0C2E-4BAD-8664-6F01B085A31E}.Release|Any CPU.ActiveCfg = Release|Any CPU
		{35E28377-0C2E-4BAD-8664-6F01B085A31E}.Release|Any CPU.Build.0 = Release|Any CPU
		{D4032B9F-1F95-4876-A91C-5CAB74D1459F}.Debug|Any CPU.ActiveCfg = Debug|Any CPU
		{D4032B9F-1F95-4876-A91C-5CAB74D1459F}.Debug|Any CPU.Build.0 = Debug|Any CPU
		{D4032B9F-1F95-4876-A91C-5CAB74D1459F}.Release|Any CPU.ActiveCfg = Release|Any CPU
		{D4032B9F-1F95-4876-A91C-5CAB74D1459F}.Release|Any CPU.Build.0 = Release|Any CPU
		{6973F402-F075-4847-9D5B-978D2DB4CEEC}.Debug|Any CPU.ActiveCfg = Debug|Any CPU
		{6973F402-F075-4847-9D5B-978D2DB4CEEC}.Debug|Any CPU.Build.0 = Debug|Any CPU
		{6973F402-F075-4847-9D5B-978D2DB4CEEC}.Release|Any CPU.ActiveCfg = Release|Any CPU
		{6973F402-F075-4847-9D5B-978D2DB4CEEC}.Release|Any CPU.Build.0 = Release|Any CPU
		{57003FA6-E6A5-40B2-B67C-CE85EF96870A}.Debug|Any CPU.ActiveCfg = Debug|Any CPU
		{57003FA6-E6A5-40B2-B67C-CE85EF96870A}.Debug|Any CPU.Build.0 = Debug|Any CPU
		{57003FA6-E6A5-40B2-B67C-CE85EF96870A}.Release|Any CPU.ActiveCfg = Release|Any CPU
		{57003FA6-E6A5-40B2-B67C-CE85EF96870A}.Release|Any CPU.Build.0 = Release|Any CPU
		{9C3BE2B7-954C-417A-839E-CE2FCAAC2124}.Debug|Any CPU.ActiveCfg = Debug|Any CPU
		{9C3BE2B7-954C-417A-839E-CE2FCAAC2124}.Debug|Any CPU.Build.0 = Debug|Any CPU
		{9C3BE2B7-954C-417A-839E-CE2FCAAC2124}.Release|Any CPU.ActiveCfg = Release|Any CPU
		{9C3BE2B7-954C-417A-839E-CE2FCAAC2124}.Release|Any CPU.Build.0 = Release|Any CPU
		{97C15073-06C6-4916-AA5C-0AC7F770A5A6}.Debug|Any CPU.ActiveCfg = Debug|Any CPU
		{97C15073-06C6-4916-AA5C-0AC7F770A5A6}.Debug|Any CPU.Build.0 = Debug|Any CPU
		{97C15073-06C6-4916-AA5C-0AC7F770A5A6}.Release|Any CPU.ActiveCfg = Release|Any CPU
		{97C15073-06C6-4916-AA5C-0AC7F770A5A6}.Release|Any CPU.Build.0 = Release|Any CPU
		{FB057DEA-A85C-4DC6-AF14-7E371CCE6CFA}.Debug|Any CPU.ActiveCfg = Debug|Any CPU
		{FB057DEA-A85C-4DC6-AF14-7E371CCE6CFA}.Debug|Any CPU.Build.0 = Debug|Any CPU
		{FB057DEA-A85C-4DC6-AF14-7E371CCE6CFA}.Release|Any CPU.ActiveCfg = Release|Any CPU
		{FB057DEA-A85C-4DC6-AF14-7E371CCE6CFA}.Release|Any CPU.Build.0 = Release|Any CPU
		{2C304B0A-074C-44D8-8EFD-35E6865F6DD2}.Debug|Any CPU.ActiveCfg = Debug|Any CPU
		{2C304B0A-074C-44D8-8EFD-35E6865F6DD2}.Debug|Any CPU.Build.0 = Debug|Any CPU
		{2C304B0A-074C-44D8-8EFD-35E6865F6DD2}.Release|Any CPU.ActiveCfg = Release|Any CPU
		{2C304B0A-074C-44D8-8EFD-35E6865F6DD2}.Release|Any CPU.Build.0 = Release|Any CPU
		{69E7A530-12B9-4FA6-B892-62574021ED1E}.Debug|Any CPU.ActiveCfg = Debug|Any CPU
		{69E7A530-12B9-4FA6-B892-62574021ED1E}.Debug|Any CPU.Build.0 = Debug|Any CPU
		{69E7A530-12B9-4FA6-B892-62574021ED1E}.Release|Any CPU.ActiveCfg = Release|Any CPU
		{69E7A530-12B9-4FA6-B892-62574021ED1E}.Release|Any CPU.Build.0 = Release|Any CPU
		{449FB4AB-4FB1-4455-BA78-91A81E464523}.Debug|Any CPU.ActiveCfg = Debug|Any CPU
		{449FB4AB-4FB1-4455-BA78-91A81E464523}.Debug|Any CPU.Build.0 = Debug|Any CPU
		{449FB4AB-4FB1-4455-BA78-91A81E464523}.Release|Any CPU.ActiveCfg = Release|Any CPU
		{449FB4AB-4FB1-4455-BA78-91A81E464523}.Release|Any CPU.Build.0 = Release|Any CPU
		{4F72529F-9CC2-46C8-AF48-C4E34718773A}.Debug|Any CPU.ActiveCfg = Debug|Any CPU
		{4F72529F-9CC2-46C8-AF48-C4E34718773A}.Debug|Any CPU.Build.0 = Debug|Any CPU
		{4F72529F-9CC2-46C8-AF48-C4E34718773A}.Release|Any CPU.ActiveCfg = Release|Any CPU
		{4F72529F-9CC2-46C8-AF48-C4E34718773A}.Release|Any CPU.Build.0 = Release|Any CPU
		{F367BC79-E1CD-4BA6-B97E-E74007AEE6DA}.Debug|Any CPU.ActiveCfg = Debug|Any CPU
		{F367BC79-E1CD-4BA6-B97E-E74007AEE6DA}.Debug|Any CPU.Build.0 = Debug|Any CPU
		{F367BC79-E1CD-4BA6-B97E-E74007AEE6DA}.Release|Any CPU.ActiveCfg = Release|Any CPU
		{F367BC79-E1CD-4BA6-B97E-E74007AEE6DA}.Release|Any CPU.Build.0 = Release|Any CPU
	EndGlobalSection
	GlobalSection(SolutionProperties) = preSolution
		HideSolutionNode = FALSE
	EndGlobalSection
EndGlobal
